
Microsoft Visual Studio Solution File, Format Version 12.00
# Visual Studio Version 17
VisualStudioVersion = 17.4.33213.308
MinimumVisualStudioVersion = 10.0.40219.1
Project("{FAE04EC0-301F-11D3-BF4B-00C04F79EFBC}") = "ЛАБА3", "ЛАБА3\ЛАБА3.csproj", "{2BE82C75-8DFD-44CE-AFDA-0F0620558427}"
EndProject
Global
	GlobalSection(SolutionConfigurationPlatforms) = preSolution
		Debug|Any CPU = Debug|Any CPU
		Release|Any CPU = Release|Any CPU
	EndGlobalSection
	GlobalSection(ProjectConfigurationPlatforms) = postSolution
		{2BE82C75-8DFD-44CE-AFDA-0F0620558427}.Debug|Any CPU.ActiveCfg = Debug|Any CPU
		{2BE82C75-8DFD-44CE-AFDA-0F0620558427}.Debug|Any CPU.Build.0 = Debug|Any CPU
		{2BE82C75-8DFD-44CE-AFDA-0F0620558427}.Release|Any CPU.ActiveCfg = Release|Any CPU
		{2BE82C75-8DFD-44CE-AFDA-0F0620558427}.Release|Any CPU.Build.0 = Release|Any CPU
	EndGlobalSection
	GlobalSection(SolutionProperties) = preSolution
		HideSolutionNode = FALSE
	EndGlobalSection
	GlobalSection(ExtensibilityGlobals) = postSolution
		SolutionGuid = {5BBCB65E-0CF5-4DB5-9ADB-37519C59079B}
	EndGlobalSection
EndGlobal
